
Microsoft Visual Studio Solution File, Format Version 12.00
# Visual Studio Version 17
VisualStudioVersion = 17.0.32112.339
MinimumVisualStudioVersion = 10.0.40219.1
Project("{2150E333-8FDC-42A3-9474-1A3956D46DE8}") = "SM.Domain", "SM.Domain", "{8351B04D-CDE1-4373-AEC8-DACB550F658C}"
EndProject
Project("{9A19103F-16F7-4668-BE54-9A1E7A4F7556}") = "ShopManagement.Domain", "ShopManagement.Domain\ShopManagement.Domain.csproj", "{DCD042F7-20AE-4E7C-84C0-E7D459C8D5CE}"
EndProject
Project("{2150E333-8FDC-42A3-9474-1A3956D46DE8}") = "ShopManagement", "ShopManagement", "{F1CFFC41-9AD4-4D0A-A957-3D20227D762B}"
EndProject
Project("{9A19103F-16F7-4668-BE54-9A1E7A4F7556}") = "0_Framework", "0_Framework\0_Framework.csproj", "{F43DDB11-3C80-4804-BB0C-5FB42639E621}"
EndProject
Project("{2150E333-8FDC-42A3-9474-1A3956D46DE8}") = "SM.Application", "SM.Application", "{B1DAEAB8-A30A-46BB-9EAD-2C43F2111434}"
EndProject
Project("{9A19103F-16F7-4668-BE54-9A1E7A4F7556}") = "ShopManagement.Application.Contracts", "ShopManagement.Application.Contracts\ShopManagement.Application.Contracts.csproj", "{EBFCDE29-EA3C-49CD-9066-D40CA76E0D5D}"
EndProject
Project("{9A19103F-16F7-4668-BE54-9A1E7A4F7556}") = "ShopManagement.Application", "ShopManagement.Application\ShopManagement.Application.csproj", "{4B3A0ED2-E7C6-469D-BC94-F3E600B8DC89}"
EndProject
Project("{2150E333-8FDC-42A3-9474-1A3956D46DE8}") = "SM.Infrastructure", "SM.Infrastructure", "{FA90388E-E237-4553-80E5-7EB164056263}"
EndProject
Project("{9A19103F-16F7-4668-BE54-9A1E7A4F7556}") = "ShopManagement.Infrastructure.EFCore", "ShopManagement.Infrastructure.EFCore\ShopManagement.Infrastructure.EFCore.csproj", "{D3043D9A-046B-4370-80A5-31A59CFE819A}"
EndProject
Project("{9A19103F-16F7-4668-BE54-9A1E7A4F7556}") = "ServiceHost", "ServiceHost\ServiceHost.csproj", "{56D4055D-BA74-4AC5-A21C-0B16E536D32A}"
EndProject
Project("{9A19103F-16F7-4668-BE54-9A1E7A4F7556}") = "ShopManagement.Infrastructure.Query", "_01_Store_Progect_Query\ShopManagement.Infrastructure.Query.csproj", "{208BE06D-555E-43BC-8FAE-357245C6CE95}"
EndProject
Project("{2150E333-8FDC-42A3-9474-1A3956D46DE8}") = "SM.Presentation", "SM.Presentation", "{D0E7C1B3-3A14-47C1-8D84-048081223B9F}"
EndProject
Project("{9A19103F-16F7-4668-BE54-9A1E7A4F7556}") = "ShopManagement.Presentation.Api", "ShopManagement.Presentation.Api\ShopManagement.Presentation.Api.csproj", "{7E48618E-A09C-4884-99E0-9D73F6D16DC2}"
EndProject
Project("{9A19103F-16F7-4668-BE54-9A1E7A4F7556}") = "ShopManagement.Configuration", "ShopManagement.Configuration\ShopManagement.Configuration.csproj", "{4058FBA7-26E0-46B2-81A6-C04C6BBA70ED}"
EndProject
Global
	GlobalSection(SolutionConfigurationPlatforms) = preSolution
		Debug|Any CPU = Debug|Any CPU
		Release|Any CPU = Release|Any CPU
	EndGlobalSection
	GlobalSection(ProjectConfigurationPlatforms) = postSolution
		{DCD042F7-20AE-4E7C-84C0-E7D459C8D5CE}.Debug|Any CPU.ActiveCfg = Debug|Any CPU
		{DCD042F7-20AE-4E7C-84C0-E7D459C8D5CE}.Debug|Any CPU.Build.0 = Debug|Any CPU
		{DCD042F7-20AE-4E7C-84C0-E7D459C8D5CE}.Release|Any CPU.ActiveCfg = Release|Any CPU
		{DCD042F7-20AE-4E7C-84C0-E7D459C8D5CE}.Release|Any CPU.Build.0 = Release|Any CPU
		{F43DDB11-3C80-4804-BB0C-5FB42639E621}.Debug|Any CPU.ActiveCfg = Debug|Any CPU
		{F43DDB11-3C80-4804-BB0C-5FB42639E621}.Debug|Any CPU.Build.0 = Debug|Any CPU
		{F43DDB11-3C80-4804-BB0C-5FB42639E621}.Release|Any CPU.ActiveCfg = Release|Any CPU
		{F43DDB11-3C80-4804-BB0C-5FB42639E621}.Release|Any CPU.Build.0 = Release|Any CPU
		{EBFCDE29-EA3C-49CD-9066-D40CA76E0D5D}.Debug|Any CPU.ActiveCfg = Debug|Any CPU
		{EBFCDE29-EA3C-49CD-9066-D40CA76E0D5D}.Debug|Any CPU.Build.0 = Debug|Any CPU
		{EBFCDE29-EA3C-49CD-9066-D40CA76E0D5D}.Release|Any CPU.ActiveCfg = Release|Any CPU
		{EBFCDE29-EA3C-49CD-9066-D40CA76E0D5D}.Release|Any CPU.Build.0 = Release|Any CPU
		{4B3A0ED2-E7C6-469D-BC94-F3E600B8DC89}.Debug|Any CPU.ActiveCfg = Debug|Any CPU
		{4B3A0ED2-E7C6-469D-BC94-F3E600B8DC89}.Debug|Any CPU.Build.0 = Debug|Any CPU
		{4B3A0ED2-E7C6-469D-BC94-F3E600B8DC89}.Release|Any CPU.ActiveCfg = Release|Any CPU
		{4B3A0ED2-E7C6-469D-BC94-F3E600B8DC89}.Release|Any CPU.Build.0 = Release|Any CPU
		{D3043D9A-046B-4370-80A5-31A59CFE819A}.Debug|Any CPU.ActiveCfg = Debug|Any CPU
		{D3043D9A-046B-4370-80A5-31A59CFE819A}.Debug|Any CPU.Build.0 = Debug|Any CPU
		{D3043D9A-046B-4370-80A5-31A59CFE819A}.Release|Any CPU.ActiveCfg = Release|Any CPU
		{D3043D9A-046B-4370-80A5-31A59CFE819A}.Release|Any CPU.Build.0 = Release|Any CPU
		{56D4055D-BA74-4AC5-A21C-0B16E536D32A}.Debug|Any CPU.ActiveCfg = Debug|Any CPU
		{56D4055D-BA74-4AC5-A21C-0B16E536D32A}.Debug|Any CPU.Build.0 = Debug|Any CPU
		{56D4055D-BA74-4AC5-A21C-0B16E536D32A}.Release|Any CPU.ActiveCfg = Release|Any CPU
		{56D4055D-BA74-4AC5-A21C-0B16E536D32A}.Release|Any CPU.Build.0 = Release|Any CPU
		{208BE06D-555E-43BC-8FAE-357245C6CE95}.Debug|Any CPU.ActiveCfg = Debug|Any CPU
		{208BE06D-555E-43BC-8FAE-357245C6CE95}.Debug|Any CPU.Build.0 = Debug|Any CPU
		{208BE06D-555E-43BC-8FAE-357245C6CE95}.Release|Any CPU.ActiveCfg = Release|Any CPU
		{208BE06D-555E-43BC-8FAE-357245C6CE95}.Release|Any CPU.Build.0 = Release|Any CPU
		{7E48618E-A09C-4884-99E0-9D73F6D16DC2}.Debug|Any CPU.ActiveCfg = Debug|Any CPU
		{7E48618E-A09C-4884-99E0-9D73F6D16DC2}.Debug|Any CPU.Build.0 = Debug|Any CPU
		{7E48618E-A09C-4884-99E0-9D73F6D16DC2}.Release|Any CPU.ActiveCfg = Release|Any CPU
		{7E48618E-A09C-4884-99E0-9D73F6D16DC2}.Release|Any CPU.Build.0 = Release|Any CPU
		{4058FBA7-26E0-46B2-81A6-C04C6BBA70ED}.Debug|Any CPU.ActiveCfg = Debug|Any CPU
		{4058FBA7-26E0-46B2-81A6-C04C6BBA70ED}.Debug|Any CPU.Build.0 = Debug|Any CPU
		{4058FBA7-26E0-46B2-81A6-C04C6BBA70ED}.Release|Any CPU.ActiveCfg = Release|Any CPU
		{4058FBA7-26E0-46B2-81A6-C04C6BBA70ED}.Release|Any CPU.Build.0 = Release|Any CPU
	EndGlobalSection
	GlobalSection(SolutionProperties) = preSolution
		HideSolutionNode = FALSE
	EndGlobalSection
	GlobalSection(NestedProjects) = preSolution
		{8351B04D-CDE1-4373-AEC8-DACB550F658C} = {F1CFFC41-9AD4-4D0A-A957-3D20227D762B}
		{DCD042F7-20AE-4E7C-84C0-E7D459C8D5CE} = {8351B04D-CDE1-4373-AEC8-DACB550F658C}
		{B1DAEAB8-A30A-46BB-9EAD-2C43F2111434} = {F1CFFC41-9AD4-4D0A-A957-3D20227D762B}
		{EBFCDE29-EA3C-49CD-9066-D40CA76E0D5D} = {B1DAEAB8-A30A-46BB-9EAD-2C43F2111434}
		{4B3A0ED2-E7C6-469D-BC94-F3E600B8DC89} = {B1DAEAB8-A30A-46BB-9EAD-2C43F2111434}
		{FA90388E-E237-4553-80E5-7EB164056263} = {F1CFFC41-9AD4-4D0A-A957-3D20227D762B}
		{D3043D9A-046B-4370-80A5-31A59CFE819A} = {FA90388E-E237-4553-80E5-7EB164056263}
		{208BE06D-555E-43BC-8FAE-357245C6CE95} = {FA90388E-E237-4553-80E5-7EB164056263}
		{D0E7C1B3-3A14-47C1-8D84-048081223B9F} = {F1CFFC41-9AD4-4D0A-A957-3D20227D762B}
		{7E48618E-A09C-4884-99E0-9D73F6D16DC2} = {D0E7C1B3-3A14-47C1-8D84-048081223B9F}
		{4058FBA7-26E0-46B2-81A6-C04C6BBA70ED} = {FA90388E-E237-4553-80E5-7EB164056263}
	EndGlobalSection
	GlobalSection(ExtensibilityGlobals) = postSolution
		SolutionGuid = {E50AA712-F3EC-4F46-A070-F91BDCB46AB6}
	EndGlobalSection
EndGlobal
